
Microsoft Visual Studio Solution File, Format Version 12.00
Project("{FAE04EC0-301F-11D3-BF4B-00C04F79EFBC}") = "Cricket", "Cricket\Cricket.csproj", "{B02BA474-06B0-4754-80CC-7686369FDAFC}"
EndProject
Global
	GlobalSection(SolutionConfigurationPlatforms) = preSolution
		Debug|Any CPU = Debug|Any CPU
		Release|Any CPU = Release|Any CPU
	EndGlobalSection
	GlobalSection(ProjectConfigurationPlatforms) = postSolution
		{B02BA474-06B0-4754-80CC-7686369FDAFC}.Debug|Any CPU.ActiveCfg = Debug|Any CPU
		{B02BA474-06B0-4754-80CC-7686369FDAFC}.Debug|Any CPU.Build.0 = Debug|Any CPU
		{B02BA474-06B0-4754-80CC-7686369FDAFC}.Release|Any CPU.ActiveCfg = Release|Any CPU
		{B02BA474-06B0-4754-80CC-7686369FDAFC}.Release|Any CPU.Build.0 = Release|Any CPU
	EndGlobalSection
EndGlobal
